
Microsoft Visual Studio Solution File, Format Version 12.00
# Visual Studio Version 16
VisualStudioVersion = 16.0.31402.337
MinimumVisualStudioVersion = 10.0.40219.1
Project("{FAE04EC0-301F-11D3-BF4B-00C04F79EFBC}") = "Image", "Image.csproj", "{69B55000-63E7-4087-B7EE-7A1014D4C103}"
EndProject
Project("{FAE04EC0-301F-11D3-BF4B-00C04F79EFBC}") = "ImageTests", "ImageTests\ImageTests.csproj", "{391A0233-4CA7-4175-9641-CFB29255FC16}"
EndProject
Global
	GlobalSection(SolutionConfigurationPlatforms) = preSolution
		Debug|Any CPU = Debug|Any CPU
		Release|Any CPU = Release|Any CPU
	EndGlobalSection
	GlobalSection(ProjectConfigurationPlatforms) = postSolution
		{69B55000-63E7-4087-B7EE-7A1014D4C103}.Debug|Any CPU.ActiveCfg = Debug|Any CPU
		{69B55000-63E7-4087-B7EE-7A1014D4C103}.Debug|Any CPU.Build.0 = Debug|Any CPU
		{69B55000-63E7-4087-B7EE-7A1014D4C103}.Release|Any CPU.ActiveCfg = Release|Any CPU
		{69B55000-63E7-4087-B7EE-7A1014D4C103}.Release|Any CPU.Build.0 = Release|Any CPU
		{391A0233-4CA7-4175-9641-CFB29255FC16}.Debug|Any CPU.ActiveCfg = Debug|Any CPU
		{391A0233-4CA7-4175-9641-CFB29255FC16}.Debug|Any CPU.Build.0 = Debug|Any CPU
		{391A0233-4CA7-4175-9641-CFB29255FC16}.Release|Any CPU.ActiveCfg = Release|Any CPU
		{391A0233-4CA7-4175-9641-CFB29255FC16}.Release|Any CPU.Build.0 = Release|Any CPU
	EndGlobalSection
	GlobalSection(SolutionProperties) = preSolution
		HideSolutionNode = FALSE
	EndGlobalSection
	GlobalSection(ExtensibilityGlobals) = postSolution
		SolutionGuid = {9D0DFF10-37C1-4B93-9F96-93394CE52290}
	EndGlobalSection
EndGlobal
