
Microsoft Visual Studio Solution File, Format Version 12.00
# Visual Studio Version 16
VisualStudioVersion = 16.0.31402.337
MinimumVisualStudioVersion = 10.0.40219.1
Project("{FAE04EC0-301F-11D3-BF4B-00C04F79EFBC}") = "ImageModification", "ImageModification\ImageModification.csproj", "{EB1E8D1F-2ABF-4A91-8B71-9AE232ACF3F1}"
EndProject
Project("{FAE04EC0-301F-11D3-BF4B-00C04F79EFBC}") = "ImageModificationTests", "..\ImageModificationTests\ImageModificationTests.csproj", "{47B5A08C-AFE0-49EC-A663-AD59D90D869B}"
EndProject
Global
	GlobalSection(SolutionConfigurationPlatforms) = preSolution
		Debug|Any CPU = Debug|Any CPU
		Release|Any CPU = Release|Any CPU
	EndGlobalSection
	GlobalSection(ProjectConfigurationPlatforms) = postSolution
		{EB1E8D1F-2ABF-4A91-8B71-9AE232ACF3F1}.Debug|Any CPU.ActiveCfg = Debug|Any CPU
		{EB1E8D1F-2ABF-4A91-8B71-9AE232ACF3F1}.Debug|Any CPU.Build.0 = Debug|Any CPU
		{EB1E8D1F-2ABF-4A91-8B71-9AE232ACF3F1}.Release|Any CPU.ActiveCfg = Release|Any CPU
		{EB1E8D1F-2ABF-4A91-8B71-9AE232ACF3F1}.Release|Any CPU.Build.0 = Release|Any CPU
		{47B5A08C-AFE0-49EC-A663-AD59D90D869B}.Debug|Any CPU.ActiveCfg = Debug|Any CPU
		{47B5A08C-AFE0-49EC-A663-AD59D90D869B}.Debug|Any CPU.Build.0 = Debug|Any CPU
		{47B5A08C-AFE0-49EC-A663-AD59D90D869B}.Release|Any CPU.ActiveCfg = Release|Any CPU
		{47B5A08C-AFE0-49EC-A663-AD59D90D869B}.Release|Any CPU.Build.0 = Release|Any CPU
	EndGlobalSection
	GlobalSection(SolutionProperties) = preSolution
		HideSolutionNode = FALSE
	EndGlobalSection
	GlobalSection(ExtensibilityGlobals) = postSolution
		SolutionGuid = {D6A805A4-C21C-466C-87FE-061317336018}
	EndGlobalSection
EndGlobal
